
Microsoft Visual Studio Solution File, Format Version 12.00
# Visual Studio Version 17
VisualStudioVersion = 17.9.34723.18
MinimumVisualStudioVersion = 10.0.40219.1
Project("{FAE04EC0-301F-11D3-BF4B-00C04F79EFBC}") = "FinalBoss", "FinalBoss.csproj", "{BCF1BD8E-1E06-468C-917C-092371AE085C}"
EndProject
Global
	GlobalSection(SolutionConfigurationPlatforms) = preSolution
		Debug|Any CPU = Debug|Any CPU
		Release|Any CPU = Release|Any CPU
	EndGlobalSection
	GlobalSection(ProjectConfigurationPlatforms) = postSolution
		{BCF1BD8E-1E06-468C-917C-092371AE085C}.Debug|Any CPU.ActiveCfg = Debug|Any CPU
		{BCF1BD8E-1E06-468C-917C-092371AE085C}.Debug|Any CPU.Build.0 = Debug|Any CPU
		{BCF1BD8E-1E06-468C-917C-092371AE085C}.Release|Any CPU.ActiveCfg = Release|Any CPU
		{BCF1BD8E-1E06-468C-917C-092371AE085C}.Release|Any CPU.Build.0 = Release|Any CPU
	EndGlobalSection
	GlobalSection(SolutionProperties) = preSolution
		HideSolutionNode = FALSE
	EndGlobalSection
	GlobalSection(ExtensibilityGlobals) = postSolution
		SolutionGuid = {00FDA1AC-EDF8-42D9-B82E-11E27BCD4098}
	EndGlobalSection
EndGlobal
